
Microsoft Visual Studio Solution File, Format Version 12.00
# Visual Studio 2012
Project("{FAE04EC0-301F-11D3-BF4B-00C04F79EFBC}") = "teste_linq_lambda", "teste_linq_lamba\teste_linq_lambda.csproj", "{9DA0D7B1-CEF7-40F6-A0E5-F1FC83BFF70E}"
EndProject
Global
	GlobalSection(SolutionConfigurationPlatforms) = preSolution
		Debug|Any CPU = Debug|Any CPU
		Release|Any CPU = Release|Any CPU
	EndGlobalSection
	GlobalSection(ProjectConfigurationPlatforms) = postSolution
		{9DA0D7B1-CEF7-40F6-A0E5-F1FC83BFF70E}.Debug|Any CPU.ActiveCfg = Debug|Any CPU
		{9DA0D7B1-CEF7-40F6-A0E5-F1FC83BFF70E}.Debug|Any CPU.Build.0 = Debug|Any CPU
		{9DA0D7B1-CEF7-40F6-A0E5-F1FC83BFF70E}.Release|Any CPU.ActiveCfg = Release|Any CPU
		{9DA0D7B1-CEF7-40F6-A0E5-F1FC83BFF70E}.Release|Any CPU.Build.0 = Release|Any CPU
	EndGlobalSection
	GlobalSection(SolutionProperties) = preSolution
		HideSolutionNode = FALSE
	EndGlobalSection
EndGlobal
